
Microsoft Visual Studio Solution File, Format Version 12.00
# Visual Studio Version 17
VisualStudioVersion = 17.0.31919.166
MinimumVisualStudioVersion = 10.0.40219.1
Project("{2150E333-8FDC-42A3-9474-1A3956D46DE8}") = "src", "src", "{4C9A575B-9774-4E0E-AC40-A8E327745068}"
EndProject
Project("{2150E333-8FDC-42A3-9474-1A3956D46DE8}") = "Services", "Services", "{78816915-21C9-4746-8E9E-E26D598EBBB5}"
EndProject
Project("{2150E333-8FDC-42A3-9474-1A3956D46DE8}") = "receitas", "receitas", "{30F486EA-D092-45FB-852F-5C70EB97C469}"
EndProject
Project("{FAE04EC0-301F-11D3-BF4B-00C04F79EFBC}") = "GS.Receitas.API", "src\services\GS.Receitas.API\GS.Receitas.API.csproj", "{7AB80BB6-BF78-4427-B589-DE4A60856C71}"
EndProject
Project("{2150E333-8FDC-42A3-9474-1A3956D46DE8}") = "building blocks", "building blocks", "{05D00DC1-F11E-434B-B347-BE3BFE142B90}"
EndProject
Project("{FAE04EC0-301F-11D3-BF4B-00C04F79EFBC}") = "GS.Core", "GS.Core\GS.Core.csproj", "{2C0D768B-7339-48F5-B221-1A1F145AF4A9}"
EndProject
Global
	GlobalSection(SolutionConfigurationPlatforms) = preSolution
		Debug|Any CPU = Debug|Any CPU
		Release|Any CPU = Release|Any CPU
	EndGlobalSection
	GlobalSection(ProjectConfigurationPlatforms) = postSolution
		{7AB80BB6-BF78-4427-B589-DE4A60856C71}.Debug|Any CPU.ActiveCfg = Debug|Any CPU
		{7AB80BB6-BF78-4427-B589-DE4A60856C71}.Debug|Any CPU.Build.0 = Debug|Any CPU
		{7AB80BB6-BF78-4427-B589-DE4A60856C71}.Release|Any CPU.ActiveCfg = Release|Any CPU
		{7AB80BB6-BF78-4427-B589-DE4A60856C71}.Release|Any CPU.Build.0 = Release|Any CPU
		{2C0D768B-7339-48F5-B221-1A1F145AF4A9}.Debug|Any CPU.ActiveCfg = Debug|Any CPU
		{2C0D768B-7339-48F5-B221-1A1F145AF4A9}.Debug|Any CPU.Build.0 = Debug|Any CPU
		{2C0D768B-7339-48F5-B221-1A1F145AF4A9}.Release|Any CPU.ActiveCfg = Release|Any CPU
		{2C0D768B-7339-48F5-B221-1A1F145AF4A9}.Release|Any CPU.Build.0 = Release|Any CPU
	EndGlobalSection
	GlobalSection(SolutionProperties) = preSolution
		HideSolutionNode = FALSE
	EndGlobalSection
	GlobalSection(NestedProjects) = preSolution
		{78816915-21C9-4746-8E9E-E26D598EBBB5} = {4C9A575B-9774-4E0E-AC40-A8E327745068}
		{30F486EA-D092-45FB-852F-5C70EB97C469} = {78816915-21C9-4746-8E9E-E26D598EBBB5}
		{7AB80BB6-BF78-4427-B589-DE4A60856C71} = {30F486EA-D092-45FB-852F-5C70EB97C469}
		{05D00DC1-F11E-434B-B347-BE3BFE142B90} = {4C9A575B-9774-4E0E-AC40-A8E327745068}
		{2C0D768B-7339-48F5-B221-1A1F145AF4A9} = {05D00DC1-F11E-434B-B347-BE3BFE142B90}
	EndGlobalSection
	GlobalSection(ExtensibilityGlobals) = postSolution
		SolutionGuid = {AB48D7A5-156D-4DB7-98F5-5EE4564B2349}
	EndGlobalSection
EndGlobal
