
Microsoft Visual Studio Solution File, Format Version 12.00
# Visual Studio Version 16
VisualStudioVersion = 16.0.30114.105
MinimumVisualStudioVersion = 10.0.40219.1
Project("{2150E333-8FDC-42A3-9474-1A3956D46DE8}") = "services", "services", "{981ECD15-892E-4ECC-8D96-84CBBD336BFE}"
EndProject
Project("{FAE04EC0-301F-11D3-BF4B-00C04F79EFBC}") = "GS.Receitas", "services\GS.Receitas\GS.Receitas.csproj", "{C49FAFE4-6983-4C45-9398-22F0EA8ABA65}"
EndProject
Project("{FAE04EC0-301F-11D3-BF4B-00C04F79EFBC}") = "GS.Despesas", "services\GS.Despesas\GS.Despesas.csproj", "{AD60CBAC-02A8-48A0-926F-F63BC14A7FF4}"
EndProject
Global
	GlobalSection(SolutionConfigurationPlatforms) = preSolution
		Debug|Any CPU = Debug|Any CPU
		Release|Any CPU = Release|Any CPU
	EndGlobalSection
	GlobalSection(SolutionProperties) = preSolution
		HideSolutionNode = FALSE
	EndGlobalSection
	GlobalSection(ProjectConfigurationPlatforms) = postSolution
		{C49FAFE4-6983-4C45-9398-22F0EA8ABA65}.Debug|Any CPU.ActiveCfg = Debug|Any CPU
		{C49FAFE4-6983-4C45-9398-22F0EA8ABA65}.Debug|Any CPU.Build.0 = Debug|Any CPU
		{C49FAFE4-6983-4C45-9398-22F0EA8ABA65}.Release|Any CPU.ActiveCfg = Release|Any CPU
		{C49FAFE4-6983-4C45-9398-22F0EA8ABA65}.Release|Any CPU.Build.0 = Release|Any CPU
		{AD60CBAC-02A8-48A0-926F-F63BC14A7FF4}.Debug|Any CPU.ActiveCfg = Debug|Any CPU
		{AD60CBAC-02A8-48A0-926F-F63BC14A7FF4}.Debug|Any CPU.Build.0 = Debug|Any CPU
		{AD60CBAC-02A8-48A0-926F-F63BC14A7FF4}.Release|Any CPU.ActiveCfg = Release|Any CPU
		{AD60CBAC-02A8-48A0-926F-F63BC14A7FF4}.Release|Any CPU.Build.0 = Release|Any CPU
	EndGlobalSection
	GlobalSection(NestedProjects) = preSolution
		{C49FAFE4-6983-4C45-9398-22F0EA8ABA65} = {981ECD15-892E-4ECC-8D96-84CBBD336BFE}
		{AD60CBAC-02A8-48A0-926F-F63BC14A7FF4} = {981ECD15-892E-4ECC-8D96-84CBBD336BFE}
	EndGlobalSection
EndGlobal
